// !$*UTF8*$!
{
	archiveVersion = 1;
	classes = {
	};
	objectVersion = 60;
	objects = {

/* Begin PBXBuildFile section */
		04D1454C0281CA20D640B34B /* LocalLedger/Views/TransactionViews.swift in Sources */ = {isa = PBXBuildFile; fileRef = EFA573656F254C1AA42CC91F /* LocalLedger/Views/TransactionViews.swift */; };
		0669A310D593B3306CD667FB /* LocalLedger/Services/PDFReport.swift in Sources */ = {isa = PBXBuildFile; fileRef = 73FDC4D18D58EBD89E6F8630 /* LocalLedger/Services/PDFReport.swift */; };
		0920A5B8F8394DAD940FA1AB /* LocalLedger/Views/DashboardView.swift in Sources */ = {isa = PBXBuildFile; fileRef = DB01BD0617B80F6154B9B82B /* LocalLedger/Views/DashboardView.swift */; };
		0B371AEA128AACD7D51F1200 /* LocalLedger/PrivacyInfo.xcprivacy in Resources */ = {isa = PBXBuildFile; fileRef = B2E0F875460D6744EA59A3B2 /* LocalLedger/PrivacyInfo.xcprivacy */; };
		0BA5D1A022928C3F338EC37E /* LocalLedger/Services/LedgerIntents.swift in Sources */ = {isa = PBXBuildFile; fileRef = 28950331717B380BDFBCAF7E /* LocalLedger/Services/LedgerIntents.swift */; };
		10840136F7C3BC35D822228B /* LocalLedgerWidget/PrivacyInfo.xcprivacy in Resources */ = {isa = PBXBuildFile; fileRef = 96413E678E70255C5D164EBD /* LocalLedgerWidget/PrivacyInfo.xcprivacy */; };
		2585396E90CE796AC5BD1C70 /* LocalLedger/Views/BudgetViews.swift in Sources */ = {isa = PBXBuildFile; fileRef = 2797BF8E4A1CBD412FF2A349 /* LocalLedger/Views/BudgetViews.swift */; };
		310BC1A83962BC738E0B4980 /* LocalLedgerWidget.appex in Embed App Extensions */ = {isa = PBXBuildFile; fileRef = 9C2A54553DB827ECB1148A65 /* LocalLedgerWidget.appex */; settings = {ATTRIBUTES = (RemoveHeadersOnCopy, ); }; };
		369FD55F357A6FF55A3B7BB2 /* LocalLedgerWidget/LocalLedgerWidget.swift in Sources */ = {isa = PBXBuildFile; fileRef = F37197E69CFE504601868D99 /* LocalLedgerWidget/LocalLedgerWidget.swift */; };
		48221C9A69254D9D4E970662 /* LocalLedger/Views/AccountViews.swift in Sources */ = {isa = PBXBuildFile; fileRef = CD89CE7C6B4FDB1B2CBD79C1 /* LocalLedger/Views/AccountViews.swift */; };
		696CCC55EC93782A4CC3EB4A /* LocalLedger/Assets.xcassets in Resources */ = {isa = PBXBuildFile; fileRef = 9E2990040485B50AE66DC069 /* LocalLedger/Assets.xcassets */; };
		8C08C13F1C4FFA018498A852 /* LocalLedgerUITests/LocalLedgerUITests.swift in Sources */ = {isa = PBXBuildFile; fileRef = B1BC2E84FEB6F32F21A9C705 /* LocalLedgerUITests/LocalLedgerUITests.swift */; };
		9B8114DBEA731BC49477D498 /* LocalLedger/Views/SettingsView.swift in Sources */ = {isa = PBXBuildFile; fileRef = 3CBBB3F363BE01C3839D33F5 /* LocalLedger/Views/SettingsView.swift */; };
		D54353AD66E1B2A08C544E4E /* LocalLedger/Services/PrivacyShield.swift in Sources */ = {isa = PBXBuildFile; fileRef = 1BAE45632E94AE67100CC13E /* LocalLedger/Services/PrivacyShield.swift */; };
		D932C4868EB80E739DC03A48 /* LedgerCore in Frameworks */ = {isa = PBXBuildFile; productRef = F5AE27228AC34400DE4A3768 /* LedgerCore */; };
		E1FA801D31A2F87C51406E6D /* LocalLedger/LocalLedgerApp.swift in Sources */ = {isa = PBXBuildFile; fileRef = 67FB9D14EADE9BFB281A3AD1 /* LocalLedger/LocalLedgerApp.swift */; };
		EAE6DE24232B18F4435DF43D /* LocalLedger/Views/ImportExportViews.swift in Sources */ = {isa = PBXBuildFile; fileRef = F8DD3F2A46B7AA1874CE821A /* LocalLedger/Views/ImportExportViews.swift */; };
		EB4356BA60A001881ACC5F96 /* LocalLedger/Services/LedgerStore.swift in Sources */ = {isa = PBXBuildFile; fileRef = 9F8DE8394B37217B306DCDB1 /* LocalLedger/Services/LedgerStore.swift */; };
		EC2B743D3B9C78DFC808DA5E /* LocalLedger/Views/ActivityView.swift in Sources */ = {isa = PBXBuildFile; fileRef = 9B96E62CCBA1C84C4475E962 /* LocalLedger/Views/ActivityView.swift */; };
		F0F60E6A2900B2AC95039E9B /* LocalLedger/Views/RootView.swift in Sources */ = {isa = PBXBuildFile; fileRef = 7B330BDE7CC4B3FED9126089 /* LocalLedger/Views/RootView.swift */; };
		F86485A4288A48D068E94C62 /* LocalLedger/Views/DesignSystem.swift in Sources */ = {isa = PBXBuildFile; fileRef = E69868E07612009D716ACACF /* LocalLedger/Views/DesignSystem.swift */; };
/* End PBXBuildFile section */

/* Begin PBXContainerItemProxy section */
		39A52B95445590B876DD6390 /* PBXContainerItemProxy */ = {
			isa = PBXContainerItemProxy;
			containerPortal = 244210E48437B6556980A702 /* Project object */;
			proxyType = 1;
			remoteGlobalIDString = DBBB911B1890FFA7DDA96D17;
			remoteInfo = LocalLedger;
		};
		B321E66F2A8669F154898DA3 /* PBXContainerItemProxy */ = {
			isa = PBXContainerItemProxy;
			containerPortal = 244210E48437B6556980A702 /* Project object */;
			proxyType = 1;
			remoteGlobalIDString = 0E4B57F35DB0BF8EDB2F726F;
			remoteInfo = LocalLedgerWidget;
		};
/* End PBXContainerItemProxy section */

/* Begin PBXCopyFilesBuildPhase section */
		AFC32963E7959E7A34264826 /* Embed App Extensions */ = {
			isa = PBXCopyFilesBuildPhase;
			buildActionMask = 2147483647;
			dstPath = "";
			dstSubfolderSpec = 13;
			files = (
				310BC1A83962BC738E0B4980 /* LocalLedgerWidget.appex in Embed App Extensions */,
			);
			name = "Embed App Extensions";
			runOnlyForDeploymentPostprocessing = 0;
		};
/* End PBXCopyFilesBuildPhase section */

/* Begin PBXFileReference section */
		03B147A338125D928D9CE438 /* LocalLedger/Info.plist */ = {isa = PBXFileReference; lastKnownFileType = text.plist.xml; path = LocalLedger/Info.plist; sourceTree = "<group>"; };
		1BAE45632E94AE67100CC13E /* LocalLedger/Services/PrivacyShield.swift */ = {isa = PBXFileReference; lastKnownFileType = sourcecode.swift; path = LocalLedger/Services/PrivacyShield.swift; sourceTree = "<group>"; };
		2797BF8E4A1CBD412FF2A349 /* LocalLedger/Views/BudgetViews.swift */ = {isa = PBXFileReference; lastKnownFileType = sourcecode.swift; path = LocalLedger/Views/BudgetViews.swift; sourceTree = "<group>"; };
		28950331717B380BDFBCAF7E /* LocalLedger/Services/LedgerIntents.swift */ = {isa = PBXFileReference; lastKnownFileType = sourcecode.swift; path = LocalLedger/Services/LedgerIntents.swift; sourceTree = "<group>"; };
		3CBBB3F363BE01C3839D33F5 /* LocalLedger/Views/SettingsView.swift */ = {isa = PBXFileReference; lastKnownFileType = sourcecode.swift; path = LocalLedger/Views/SettingsView.swift; sourceTree = "<group>"; };
		67FB9D14EADE9BFB281A3AD1 /* LocalLedger/LocalLedgerApp.swift */ = {isa = PBXFileReference; lastKnownFileType = sourcecode.swift; path = LocalLedger/LocalLedgerApp.swift; sourceTree = "<group>"; };
		73FDC4D18D58EBD89E6F8630 /* LocalLedger/Services/PDFReport.swift */ = {isa = PBXFileReference; lastKnownFileType = sourcecode.swift; path = LocalLedger/Services/PDFReport.swift; sourceTree = "<group>"; };
		7B330BDE7CC4B3FED9126089 /* LocalLedger/Views/RootView.swift */ = {isa = PBXFileReference; lastKnownFileType = sourcecode.swift; path = LocalLedger/Views/RootView.swift; sourceTree = "<group>"; };
		8003E250326FF06508600A48 /* LocalLedgerWidget/Info.plist */ = {isa = PBXFileReference; lastKnownFileType = text.plist.xml; path = LocalLedgerWidget/Info.plist; sourceTree = "<group>"; };
		96413E678E70255C5D164EBD /* LocalLedgerWidget/PrivacyInfo.xcprivacy */ = {isa = PBXFileReference; lastKnownFileType = text.xml; path = LocalLedgerWidget/PrivacyInfo.xcprivacy; sourceTree = "<group>"; };
		9B96E62CCBA1C84C4475E962 /* LocalLedger/Views/ActivityView.swift */ = {isa = PBXFileReference; lastKnownFileType = sourcecode.swift; path = LocalLedger/Views/ActivityView.swift; sourceTree = "<group>"; };
		9C2A54553DB827ECB1148A65 /* LocalLedgerWidget.appex */ = {isa = PBXFileReference; explicitFileType = "wrapper.app-extension"; path = LocalLedgerWidget.appex; sourceTree = BUILT_PRODUCTS_DIR; };
		9E2990040485B50AE66DC069 /* LocalLedger/Assets.xcassets */ = {isa = PBXFileReference; lastKnownFileType = folder.assetcatalog; path = LocalLedger/Assets.xcassets; sourceTree = "<group>"; };
		9F8DE8394B37217B306DCDB1 /* LocalLedger/Services/LedgerStore.swift */ = {isa = PBXFileReference; lastKnownFileType = sourcecode.swift; path = LocalLedger/Services/LedgerStore.swift; sourceTree = "<group>"; };
		B1BC2E84FEB6F32F21A9C705 /* LocalLedgerUITests/LocalLedgerUITests.swift */ = {isa = PBXFileReference; lastKnownFileType = sourcecode.swift; path = LocalLedgerUITests/LocalLedgerUITests.swift; sourceTree = "<group>"; };
		B2E0F875460D6744EA59A3B2 /* LocalLedger/PrivacyInfo.xcprivacy */ = {isa = PBXFileReference; lastKnownFileType = text.xml; path = LocalLedger/PrivacyInfo.xcprivacy; sourceTree = "<group>"; };
		B8BDDD5665AF5EB280EDCA52 /* LocalLedger.app */ = {isa = PBXFileReference; explicitFileType = wrapper.application; path = LocalLedger.app; sourceTree = BUILT_PRODUCTS_DIR; };
		CD89CE7C6B4FDB1B2CBD79C1 /* LocalLedger/Views/AccountViews.swift */ = {isa = PBXFileReference; lastKnownFileType = sourcecode.swift; path = LocalLedger/Views/AccountViews.swift; sourceTree = "<group>"; };
		D630CA58D07F2EB6AF19608D /* LocalLedgerUITests.xctest */ = {isa = PBXFileReference; explicitFileType = wrapper.cfbundle; path = LocalLedgerUITests.xctest; sourceTree = BUILT_PRODUCTS_DIR; };
		DB01BD0617B80F6154B9B82B /* LocalLedger/Views/DashboardView.swift */ = {isa = PBXFileReference; lastKnownFileType = sourcecode.swift; path = LocalLedger/Views/DashboardView.swift; sourceTree = "<group>"; };
		E69868E07612009D716ACACF /* LocalLedger/Views/DesignSystem.swift */ = {isa = PBXFileReference; lastKnownFileType = sourcecode.swift; path = LocalLedger/Views/DesignSystem.swift; sourceTree = "<group>"; };
		EFA573656F254C1AA42CC91F /* LocalLedger/Views/TransactionViews.swift */ = {isa = PBXFileReference; lastKnownFileType = sourcecode.swift; path = LocalLedger/Views/TransactionViews.swift; sourceTree = "<group>"; };
		F37197E69CFE504601868D99 /* LocalLedgerWidget/LocalLedgerWidget.swift */ = {isa = PBXFileReference; lastKnownFileType = sourcecode.swift; path = LocalLedgerWidget/LocalLedgerWidget.swift; sourceTree = "<group>"; };
		F8DD3F2A46B7AA1874CE821A /* LocalLedger/Views/ImportExportViews.swift */ = {isa = PBXFileReference; lastKnownFileType = sourcecode.swift; path = LocalLedger/Views/ImportExportViews.swift; sourceTree = "<group>"; };
/* End PBXFileReference section */

/* Begin PBXFrameworksBuildPhase section */
		189F26BF60723D90E1EFBCF6 /* Frameworks */ = {
			isa = PBXFrameworksBuildPhase;
			buildActionMask = 2147483647;
			files = (
			);
			runOnlyForDeploymentPostprocessing = 0;
		};
		612AF8EB4721BC8CD2BE00A0 /* Frameworks */ = {
			isa = PBXFrameworksBuildPhase;
			buildActionMask = 2147483647;
			files = (
			);
			runOnlyForDeploymentPostprocessing = 0;
		};
		C754DFD9A4511ECA30DADE8F /* Frameworks */ = {
			isa = PBXFrameworksBuildPhase;
			buildActionMask = 2147483647;
			files = (
				D932C4868EB80E739DC03A48 /* LedgerCore in Frameworks */,
			);
			runOnlyForDeploymentPostprocessing = 0;
		};
/* End PBXFrameworksBuildPhase section */

/* Begin PBXGroup section */
		0BAB26F820758C1D20CE5E0C /* LocalLedgerUITests */ = {
			isa = PBXGroup;
			children = (
				B1BC2E84FEB6F32F21A9C705 /* LocalLedgerUITests/LocalLedgerUITests.swift */,
			);
			name = LocalLedgerUITests;
			sourceTree = "<group>";
		};
		81FDFAD161C6CB93C754B2A1 /* LocalLedger */ = {
			isa = PBXGroup;
			children = (
				67FB9D14EADE9BFB281A3AD1 /* LocalLedger/LocalLedgerApp.swift */,
				28950331717B380BDFBCAF7E /* LocalLedger/Services/LedgerIntents.swift */,
				9F8DE8394B37217B306DCDB1 /* LocalLedger/Services/LedgerStore.swift */,
				73FDC4D18D58EBD89E6F8630 /* LocalLedger/Services/PDFReport.swift */,
				1BAE45632E94AE67100CC13E /* LocalLedger/Services/PrivacyShield.swift */,
				CD89CE7C6B4FDB1B2CBD79C1 /* LocalLedger/Views/AccountViews.swift */,
				9B96E62CCBA1C84C4475E962 /* LocalLedger/Views/ActivityView.swift */,
				2797BF8E4A1CBD412FF2A349 /* LocalLedger/Views/BudgetViews.swift */,
				DB01BD0617B80F6154B9B82B /* LocalLedger/Views/DashboardView.swift */,
				E69868E07612009D716ACACF /* LocalLedger/Views/DesignSystem.swift */,
				F8DD3F2A46B7AA1874CE821A /* LocalLedger/Views/ImportExportViews.swift */,
				7B330BDE7CC4B3FED9126089 /* LocalLedger/Views/RootView.swift */,
				3CBBB3F363BE01C3839D33F5 /* LocalLedger/Views/SettingsView.swift */,
				EFA573656F254C1AA42CC91F /* LocalLedger/Views/TransactionViews.swift */,
				9E2990040485B50AE66DC069 /* LocalLedger/Assets.xcassets */,
				B2E0F875460D6744EA59A3B2 /* LocalLedger/PrivacyInfo.xcprivacy */,
				03B147A338125D928D9CE438 /* LocalLedger/Info.plist */,
			);
			name = LocalLedger;
			sourceTree = "<group>";
		};
		B9E7F2871A3402983868AFC8 /* Products */ = {
			isa = PBXGroup;
			children = (
				B8BDDD5665AF5EB280EDCA52 /* LocalLedger.app */,
				9C2A54553DB827ECB1148A65 /* LocalLedgerWidget.appex */,
				D630CA58D07F2EB6AF19608D /* LocalLedgerUITests.xctest */,
			);
			name = Products;
			sourceTree = "<group>";
		};
		C69913C7EE4DFDD011BE172F = {
			isa = PBXGroup;
			children = (
				81FDFAD161C6CB93C754B2A1 /* LocalLedger */,
				E717952D0BE01196AB3549CF /* LocalLedgerWidget */,
				0BAB26F820758C1D20CE5E0C /* LocalLedgerUITests */,
				B9E7F2871A3402983868AFC8 /* Products */,
			);
			sourceTree = "<group>";
		};
		E717952D0BE01196AB3549CF /* LocalLedgerWidget */ = {
			isa = PBXGroup;
			children = (
				F37197E69CFE504601868D99 /* LocalLedgerWidget/LocalLedgerWidget.swift */,
				96413E678E70255C5D164EBD /* LocalLedgerWidget/PrivacyInfo.xcprivacy */,
				8003E250326FF06508600A48 /* LocalLedgerWidget/Info.plist */,
			);
			name = LocalLedgerWidget;
			sourceTree = "<group>";
		};
/* End PBXGroup section */

/* Begin PBXNativeTarget section */
		0E4B57F35DB0BF8EDB2F726F /* LocalLedgerWidget */ = {
			isa = PBXNativeTarget;
			buildConfigurationList = 8FFA3585DCE51E839B35E2D2 /* Build configuration list for PBXNativeTarget "LocalLedgerWidget" */;
			buildPhases = (
				3387A098AE57E8606B6D6BA6 /* Sources */,
				612AF8EB4721BC8CD2BE00A0 /* Frameworks */,
				EE59FDCC22B190E6C0E52AE7 /* Resources */,
			);
			buildRules = (
			);
			dependencies = (
			);
			name = LocalLedgerWidget;
			packageProductDependencies = (
			);
			productName = LocalLedgerWidget;
			productReference = 9C2A54553DB827ECB1148A65 /* LocalLedgerWidget.appex */;
			productType = "com.apple.product-type.app-extension";
		};
		B3CDD39F1BEB0C5780219C5E /* LocalLedgerUITests */ = {
			isa = PBXNativeTarget;
			buildConfigurationList = 35F97D1E6687A71E48DDFC65 /* Build configuration list for PBXNativeTarget "LocalLedgerUITests" */;
			buildPhases = (
				914D2F3849C0DD90E57818A5 /* Sources */,
				189F26BF60723D90E1EFBCF6 /* Frameworks */,
				61CADEBD08BCCBDCA9232E1F /* Resources */,
			);
			buildRules = (
			);
			dependencies = (
				12BA75AE4386502453B55CDB /* PBXTargetDependency */,
			);
			name = LocalLedgerUITests;
			packageProductDependencies = (
			);
			productName = LocalLedgerUITests;
			productReference = D630CA58D07F2EB6AF19608D /* LocalLedgerUITests.xctest */;
			productType = "com.apple.product-type.bundle.ui-testing";
		};
		DBBB911B1890FFA7DDA96D17 /* LocalLedger */ = {
			isa = PBXNativeTarget;
			buildConfigurationList = 60A0B9059C861627C9A66091 /* Build configuration list for PBXNativeTarget "LocalLedger" */;
			buildPhases = (
				29E502A9A87D96AC1697C6C8 /* Sources */,
				C754DFD9A4511ECA30DADE8F /* Frameworks */,
				35C79B93D207DB05DF501F67 /* Resources */,
				AFC32963E7959E7A34264826 /* Embed App Extensions */,
			);
			buildRules = (
			);
			dependencies = (
				4FD2F609E2F65AE1A379DC9D /* PBXTargetDependency */,
			);
			name = LocalLedger;
			packageProductDependencies = (
				F5AE27228AC34400DE4A3768 /* LedgerCore */,
			);
			productName = LocalLedger;
			productReference = B8BDDD5665AF5EB280EDCA52 /* LocalLedger.app */;
			productType = "com.apple.product-type.application";
		};
/* End PBXNativeTarget section */

/* Begin PBXProject section */
		244210E48437B6556980A702 /* Project object */ = {
			isa = PBXProject;
			attributes = {
				BuildIndependentTargetsInParallel = YES;
				LastUpgradeCheck = 2600;
			};
			buildConfigurationList = FFE8EE2E0BE1F5956FA67195 /* Build configuration list for PBXProject "LocalLedger" */;
			compatibilityVersion = "Xcode 15.0";
			developmentRegion = en;
			hasScannedForEncodings = 0;
			knownRegions = (
				en,
				Base,
			);
			mainGroup = C69913C7EE4DFDD011BE172F;
			packageReferences = (
				BC4A71180870F7945155FBB0 /* XCLocalSwiftPackageReference "." */,
			);
			productRefGroup = B9E7F2871A3402983868AFC8 /* Products */;
			projectDirPath = "";
			projectRoot = "";
			targets = (
				DBBB911B1890FFA7DDA96D17 /* LocalLedger */,
				0E4B57F35DB0BF8EDB2F726F /* LocalLedgerWidget */,
				B3CDD39F1BEB0C5780219C5E /* LocalLedgerUITests */,
			);
		};
/* End PBXProject section */

/* Begin PBXResourcesBuildPhase section */
		35C79B93D207DB05DF501F67 /* Resources */ = {
			isa = PBXResourcesBuildPhase;
			buildActionMask = 2147483647;
			files = (
				696CCC55EC93782A4CC3EB4A /* LocalLedger/Assets.xcassets in Resources */,
				0B371AEA128AACD7D51F1200 /* LocalLedger/PrivacyInfo.xcprivacy in Resources */,
			);
			runOnlyForDeploymentPostprocessing = 0;
		};
		61CADEBD08BCCBDCA9232E1F /* Resources */ = {
			isa = PBXResourcesBuildPhase;
			buildActionMask = 2147483647;
			files = (
			);
			runOnlyForDeploymentPostprocessing = 0;
		};
		EE59FDCC22B190E6C0E52AE7 /* Resources */ = {
			isa = PBXResourcesBuildPhase;
			buildActionMask = 2147483647;
			files = (
				10840136F7C3BC35D822228B /* LocalLedgerWidget/PrivacyInfo.xcprivacy in Resources */,
			);
			runOnlyForDeploymentPostprocessing = 0;
		};
/* End PBXResourcesBuildPhase section */

/* Begin PBXSourcesBuildPhase section */
		29E502A9A87D96AC1697C6C8 /* Sources */ = {
			isa = PBXSourcesBuildPhase;
			buildActionMask = 2147483647;
			files = (
				E1FA801D31A2F87C51406E6D /* LocalLedger/LocalLedgerApp.swift in Sources */,
				0BA5D1A022928C3F338EC37E /* LocalLedger/Services/LedgerIntents.swift in Sources */,
				EB4356BA60A001881ACC5F96 /* LocalLedger/Services/LedgerStore.swift in Sources */,
				0669A310D593B3306CD667FB /* LocalLedger/Services/PDFReport.swift in Sources */,
				D54353AD66E1B2A08C544E4E /* LocalLedger/Services/PrivacyShield.swift in Sources */,
				48221C9A69254D9D4E970662 /* LocalLedger/Views/AccountViews.swift in Sources */,
				EC2B743D3B9C78DFC808DA5E /* LocalLedger/Views/ActivityView.swift in Sources */,
				2585396E90CE796AC5BD1C70 /* LocalLedger/Views/BudgetViews.swift in Sources */,
				0920A5B8F8394DAD940FA1AB /* LocalLedger/Views/DashboardView.swift in Sources */,
				F86485A4288A48D068E94C62 /* LocalLedger/Views/DesignSystem.swift in Sources */,
				EAE6DE24232B18F4435DF43D /* LocalLedger/Views/ImportExportViews.swift in Sources */,
				F0F60E6A2900B2AC95039E9B /* LocalLedger/Views/RootView.swift in Sources */,
				9B8114DBEA731BC49477D498 /* LocalLedger/Views/SettingsView.swift in Sources */,
				04D1454C0281CA20D640B34B /* LocalLedger/Views/TransactionViews.swift in Sources */,
			);
			runOnlyForDeploymentPostprocessing = 0;
		};
		3387A098AE57E8606B6D6BA6 /* Sources */ = {
			isa = PBXSourcesBuildPhase;
			buildActionMask = 2147483647;
			files = (
				369FD55F357A6FF55A3B7BB2 /* LocalLedgerWidget/LocalLedgerWidget.swift in Sources */,
			);
			runOnlyForDeploymentPostprocessing = 0;
		};
		914D2F3849C0DD90E57818A5 /* Sources */ = {
			isa = PBXSourcesBuildPhase;
			buildActionMask = 2147483647;
			files = (
				8C08C13F1C4FFA018498A852 /* LocalLedgerUITests/LocalLedgerUITests.swift in Sources */,
			);
			runOnlyForDeploymentPostprocessing = 0;
		};
/* End PBXSourcesBuildPhase section */

/* Begin PBXTargetDependency section */
		12BA75AE4386502453B55CDB /* PBXTargetDependency */ = {
			isa = PBXTargetDependency;
			target = DBBB911B1890FFA7DDA96D17 /* LocalLedger */;
			targetProxy = 39A52B95445590B876DD6390 /* PBXContainerItemProxy */;
		};
		4FD2F609E2F65AE1A379DC9D /* PBXTargetDependency */ = {
			isa = PBXTargetDependency;
			target = 0E4B57F35DB0BF8EDB2F726F /* LocalLedgerWidget */;
			targetProxy = B321E66F2A8669F154898DA3 /* PBXContainerItemProxy */;
		};
/* End PBXTargetDependency section */

/* Begin XCBuildConfiguration section */
		0B0C687DF8B6B8DC790B519C /* Release */ = {
			isa = XCBuildConfiguration;
			buildSettings = {
				CLANG_ENABLE_MODULES = YES;
				CLANG_ENABLE_OBJC_ARC = YES;
				DEBUG_INFORMATION_FORMAT = "dwarf-with-dsym";
				IPHONEOS_DEPLOYMENT_TARGET = 26.0;
				SDKROOT = iphoneos;
				SWIFT_OPTIMIZATION_LEVEL = "-O";
				SWIFT_VERSION = 6.0;
			};
			name = Release;
		};
		382243B8FDC537D39E9F84B7 /* Debug */ = {
			isa = XCBuildConfiguration;
			buildSettings = {
				ASSETCATALOG_COMPILER_APPICON_NAME = AppIcon;
				ASSETCATALOG_COMPILER_GLOBAL_ACCENT_COLOR_NAME = AccentColor;
				CODE_SIGN_ENTITLEMENTS = LocalLedger/LocalLedger.entitlements;
				CODE_SIGN_STYLE = Automatic;
				CURRENT_PROJECT_VERSION = 1;
				DEBUG_INFORMATION_FORMAT = dwarf;
				DEVELOPMENT_TEAM = 58X29CN36D;
				ENABLE_TESTABILITY = YES;
				GENERATE_INFOPLIST_FILE = NO;
				INFOPLIST_FILE = LocalLedger/Info.plist;
				IPHONEOS_DEPLOYMENT_TARGET = 26.0;
				LD_RUNPATH_SEARCH_PATHS = (
					"$(inherited)",
					"@executable_path/Frameworks",
				);
				MARKETING_VERSION = 0.1.0;
				PRODUCT_BUNDLE_IDENTIFIER = com.irfan.localledger;
				PRODUCT_NAME = "$(TARGET_NAME)";
				SDKROOT = iphoneos;
				SUPPORTS_MACCATALYST = NO;
				SWIFT_ACTIVE_COMPILATION_CONDITIONS = DEBUG;
				SWIFT_OPTIMIZATION_LEVEL = "-Onone";
				SWIFT_STRICT_CONCURRENCY = complete;
				SWIFT_VERSION = 6.0;
				TARGETED_DEVICE_FAMILY = "1,2";
			};
			name = Debug;
		};
		69157C50E7CECD6C24AC6E3D /* Debug */ = {
			isa = XCBuildConfiguration;
			buildSettings = {
				APPLICATION_EXTENSION_API_ONLY = YES;
				CODE_SIGN_STYLE = Automatic;
				CURRENT_PROJECT_VERSION = 1;
				DEBUG_INFORMATION_FORMAT = dwarf;
				DEVELOPMENT_TEAM = 58X29CN36D;
				ENABLE_TESTABILITY = YES;
				GENERATE_INFOPLIST_FILE = NO;
				INFOPLIST_FILE = LocalLedgerWidget/Info.plist;
				IPHONEOS_DEPLOYMENT_TARGET = 26.0;
				LD_RUNPATH_SEARCH_PATHS = (
					"$(inherited)",
					"@executable_path/Frameworks",
					"@executable_path/../../Frameworks",
				);
				MARKETING_VERSION = 0.1.0;
				PRODUCT_BUNDLE_IDENTIFIER = com.irfan.localledger.widget;
				PRODUCT_NAME = "$(TARGET_NAME)";
				SDKROOT = iphoneos;
				SKIP_INSTALL = YES;
				SUPPORTS_MACCATALYST = NO;
				SWIFT_ACTIVE_COMPILATION_CONDITIONS = DEBUG;
				SWIFT_OPTIMIZATION_LEVEL = "-Onone";
				SWIFT_STRICT_CONCURRENCY = complete;
				SWIFT_VERSION = 6.0;
				TARGETED_DEVICE_FAMILY = "1,2";
			};
			name = Debug;
		};
		73EBF6644258C120893E685D /* Debug */ = {
			isa = XCBuildConfiguration;
			buildSettings = {
				CLANG_ENABLE_MODULES = YES;
				CLANG_ENABLE_OBJC_ARC = YES;
				DEBUG_INFORMATION_FORMAT = dwarf;
				ENABLE_TESTABILITY = YES;
				IPHONEOS_DEPLOYMENT_TARGET = 26.0;
				SDKROOT = iphoneos;
				SWIFT_ACTIVE_COMPILATION_CONDITIONS = DEBUG;
				SWIFT_OPTIMIZATION_LEVEL = "-Onone";
				SWIFT_VERSION = 6.0;
			};
			name = Debug;
		};
		9FCED684532C114ACEEA9FD8 /* Release */ = {
			isa = XCBuildConfiguration;
			buildSettings = {
				ASSETCATALOG_COMPILER_APPICON_NAME = AppIcon;
				ASSETCATALOG_COMPILER_GLOBAL_ACCENT_COLOR_NAME = AccentColor;
				CODE_SIGN_ENTITLEMENTS = LocalLedger/LocalLedger.entitlements;
				CODE_SIGN_STYLE = Automatic;
				CURRENT_PROJECT_VERSION = 1;
				DEBUG_INFORMATION_FORMAT = "dwarf-with-dsym";
				DEVELOPMENT_TEAM = 58X29CN36D;
				GENERATE_INFOPLIST_FILE = NO;
				INFOPLIST_FILE = LocalLedger/Info.plist;
				IPHONEOS_DEPLOYMENT_TARGET = 26.0;
				LD_RUNPATH_SEARCH_PATHS = (
					"$(inherited)",
					"@executable_path/Frameworks",
				);
				MARKETING_VERSION = 0.1.0;
				PRODUCT_BUNDLE_IDENTIFIER = com.irfan.localledger;
				PRODUCT_NAME = "$(TARGET_NAME)";
				SDKROOT = iphoneos;
				SUPPORTS_MACCATALYST = NO;
				SWIFT_OPTIMIZATION_LEVEL = "-O";
				SWIFT_STRICT_CONCURRENCY = complete;
				SWIFT_VERSION = 6.0;
				TARGETED_DEVICE_FAMILY = "1,2";
			};
			name = Release;
		};
		B4D688634BDDF439004EB9B1 /* Debug */ = {
			isa = XCBuildConfiguration;
			buildSettings = {
				CODE_SIGN_STYLE = Automatic;
				CURRENT_PROJECT_VERSION = 1;
				DEBUG_INFORMATION_FORMAT = dwarf;
				ENABLE_TESTABILITY = YES;
				GENERATE_INFOPLIST_FILE = YES;
				IPHONEOS_DEPLOYMENT_TARGET = 26.0;
				LD_RUNPATH_SEARCH_PATHS = (
					"$(inherited)",
					"@executable_path/Frameworks",
				);
				MARKETING_VERSION = 0.1.0;
				PRODUCT_BUNDLE_IDENTIFIER = dev.localledger.ios.uitests;
				PRODUCT_NAME = "$(TARGET_NAME)";
				SDKROOT = iphoneos;
				SUPPORTS_MACCATALYST = NO;
				SWIFT_ACTIVE_COMPILATION_CONDITIONS = DEBUG;
				SWIFT_OPTIMIZATION_LEVEL = "-Onone";
				SWIFT_STRICT_CONCURRENCY = complete;
				SWIFT_VERSION = 6.0;
				TARGETED_DEVICE_FAMILY = "1,2";
				TEST_TARGET_NAME = LocalLedger;
			};
			name = Debug;
		};
		BF8657A7BE241E616D957E8A /* Release */ = {
			isa = XCBuildConfiguration;
			buildSettings = {
				APPLICATION_EXTENSION_API_ONLY = YES;
				CODE_SIGN_STYLE = Automatic;
				CURRENT_PROJECT_VERSION = 1;
				DEBUG_INFORMATION_FORMAT = "dwarf-with-dsym";
				DEVELOPMENT_TEAM = 58X29CN36D;
				GENERATE_INFOPLIST_FILE = NO;
				INFOPLIST_FILE = LocalLedgerWidget/Info.plist;
				IPHONEOS_DEPLOYMENT_TARGET = 26.0;
				LD_RUNPATH_SEARCH_PATHS = (
					"$(inherited)",
					"@executable_path/Frameworks",
					"@executable_path/../../Frameworks",
				);
				MARKETING_VERSION = 0.1.0;
				PRODUCT_BUNDLE_IDENTIFIER = com.irfan.localledger.widget;
				PRODUCT_NAME = "$(TARGET_NAME)";
				SDKROOT = iphoneos;
				SKIP_INSTALL = YES;
				SUPPORTS_MACCATALYST = NO;
				SWIFT_OPTIMIZATION_LEVEL = "-O";
				SWIFT_STRICT_CONCURRENCY = complete;
				SWIFT_VERSION = 6.0;
				TARGETED_DEVICE_FAMILY = "1,2";
			};
			name = Release;
		};
		EFD45EEFE8A69E397C3346E2 /* Release */ = {
			isa = XCBuildConfiguration;
			buildSettings = {
				CODE_SIGN_STYLE = Automatic;
				CURRENT_PROJECT_VERSION = 1;
				DEBUG_INFORMATION_FORMAT = "dwarf-with-dsym";
				GENERATE_INFOPLIST_FILE = YES;
				IPHONEOS_DEPLOYMENT_TARGET = 26.0;
				LD_RUNPATH_SEARCH_PATHS = (
					"$(inherited)",
					"@executable_path/Frameworks",
				);
				MARKETING_VERSION = 0.1.0;
				PRODUCT_BUNDLE_IDENTIFIER = dev.localledger.ios.uitests;
				PRODUCT_NAME = "$(TARGET_NAME)";
				SDKROOT = iphoneos;
				SUPPORTS_MACCATALYST = NO;
				SWIFT_OPTIMIZATION_LEVEL = "-O";
				SWIFT_STRICT_CONCURRENCY = complete;
				SWIFT_VERSION = 6.0;
				TARGETED_DEVICE_FAMILY = "1,2";
				TEST_TARGET_NAME = LocalLedger;
			};
			name = Release;
		};
/* End XCBuildConfiguration section */

/* Begin XCConfigurationList section */
		35F97D1E6687A71E48DDFC65 /* Build configuration list for PBXNativeTarget "LocalLedgerUITests" */ = {
			isa = XCConfigurationList;
			buildConfigurations = (
				B4D688634BDDF439004EB9B1 /* Debug */,
				EFD45EEFE8A69E397C3346E2 /* Release */,
			);
			defaultConfigurationIsVisible = 0;
			defaultConfigurationName = Release;
		};
		60A0B9059C861627C9A66091 /* Build configuration list for PBXNativeTarget "LocalLedger" */ = {
			isa = XCConfigurationList;
			buildConfigurations = (
				382243B8FDC537D39E9F84B7 /* Debug */,
				9FCED684532C114ACEEA9FD8 /* Release */,
			);
			defaultConfigurationIsVisible = 0;
			defaultConfigurationName = Release;
		};
		8FFA3585DCE51E839B35E2D2 /* Build configuration list for PBXNativeTarget "LocalLedgerWidget" */ = {
			isa = XCConfigurationList;
			buildConfigurations = (
				69157C50E7CECD6C24AC6E3D /* Debug */,
				BF8657A7BE241E616D957E8A /* Release */,
			);
			defaultConfigurationIsVisible = 0;
			defaultConfigurationName = Release;
		};
		FFE8EE2E0BE1F5956FA67195 /* Build configuration list for PBXProject "LocalLedger" */ = {
			isa = XCConfigurationList;
			buildConfigurations = (
				73EBF6644258C120893E685D /* Debug */,
				0B0C687DF8B6B8DC790B519C /* Release */,
			);
			defaultConfigurationIsVisible = 0;
			defaultConfigurationName = Release;
		};
/* End XCConfigurationList section */

/* Begin XCLocalSwiftPackageReference section */
		BC4A71180870F7945155FBB0 /* XCLocalSwiftPackageReference "." */ = {
			isa = XCLocalSwiftPackageReference;
			relativePath = .;
		};
/* End XCLocalSwiftPackageReference section */

/* Begin XCSwiftPackageProductDependency section */
		F5AE27228AC34400DE4A3768 /* LedgerCore */ = {
			isa = XCSwiftPackageProductDependency;
			package = BC4A71180870F7945155FBB0 /* XCLocalSwiftPackageReference "." */;
			productName = LedgerCore;
		};
/* End XCSwiftPackageProductDependency section */
	};
	rootObject = 244210E48437B6556980A702 /* Project object */;
}
